
Microsoft Visual Studio Solution File, Format Version 12.00
# Visual Studio Version 17
VisualStudioVersion = 17.14.36811.4 d17.14
MinimumVisualStudioVersion = 10.0.40219.1
Project("{FAE04EC0-301F-11D3-BF4B-00C04F79EFBC}") = "NOCursorOverride", "NOCursorOverride.csproj", "{C8FE445F-48AB-4B69-AF28-E25524279E53}"
EndProject
Global
	GlobalSection(SolutionConfigurationPlatforms) = preSolution
		Debug|Any CPU = Debug|Any CPU
		Release|Any CPU = Release|Any CPU
	EndGlobalSection
	GlobalSection(ProjectConfigurationPlatforms) = postSolution
		{C8FE445F-48AB-4B69-AF28-E25524279E53}.Debug|Any CPU.ActiveCfg = Debug|Any CPU
		{C8FE445F-48AB-4B69-AF28-E25524279E53}.Debug|Any CPU.Build.0 = Debug|Any CPU
		{C8FE445F-48AB-4B69-AF28-E25524279E53}.Release|Any CPU.ActiveCfg = Release|Any CPU
		{C8FE445F-48AB-4B69-AF28-E25524279E53}.Release|Any CPU.Build.0 = Release|Any CPU
	EndGlobalSection
	GlobalSection(SolutionProperties) = preSolution
		HideSolutionNode = FALSE
	EndGlobalSection
	GlobalSection(ExtensibilityGlobals) = postSolution
		SolutionGuid = {09AA1BC9-40AD-4471-8796-E8CE3019F3B6}
	EndGlobalSection
EndGlobal
